// !$*UTF8*$!
{
	archiveVersion = 1;
	classes = {
	};
	objectVersion = 50;
	objects = {

/* Begin PBXBuildFile section */
		3736FFE725D76B9300CD56A1 /* UIHelper.swift in Sources */ = {isa = PBXBuildFile; fileRef = 3736FFE625D76B9300CD56A1 /* UIHelper.swift */; };
		375077FB25D82DD100AFCB5B /* GFEmptyStateView.swift in Sources */ = {isa = PBXBuildFile; fileRef = 375077FA25D82DD100AFCB5B /* GFEmptyStateView.swift */; };
		375077FF25D85C3600AFCB5B /* UserInfoVC.swift in Sources */ = {isa = PBXBuildFile; fileRef = 375077FE25D85C3600AFCB5B /* UserInfoVC.swift */; };
		3750780225D8685F00AFCB5B /* GFUserInfoHeaderVC.swift in Sources */ = {isa = PBXBuildFile; fileRef = 3750780125D8685F00AFCB5B /* GFUserInfoHeaderVC.swift */; };
		3750780525D868DE00AFCB5B /* GFSecondaryTitleLabel.swift in Sources */ = {isa = PBXBuildFile; fileRef = 3750780425D868DE00AFCB5B /* GFSecondaryTitleLabel.swift */; };
		3750780825D8831500AFCB5B /* Constants.swift in Sources */ = {isa = PBXBuildFile; fileRef = 3750780725D8831500AFCB5B /* Constants.swift */; };
		3750780B25D8AF3C00AFCB5B /* GFItemInfoView.swift in Sources */ = {isa = PBXBuildFile; fileRef = 3750780A25D8AF3C00AFCB5B /* GFItemInfoView.swift */; };
		3750780E25D8B39700AFCB5B /* GFItemInfoVC.swift in Sources */ = {isa = PBXBuildFile; fileRef = 3750780D25D8B39700AFCB5B /* GFItemInfoVC.swift */; };
		3750781125D8B67900AFCB5B /* GFRepoItemVC.swift in Sources */ = {isa = PBXBuildFile; fileRef = 3750781025D8B67900AFCB5B /* GFRepoItemVC.swift */; };
		3750781825D8B86100AFCB5B /* GFFollowerItemVC.swift in Sources */ = {isa = PBXBuildFile; fileRef = 3750781725D8B86100AFCB5B /* GFFollowerItemVC.swift */; };
		3750781D25D8BDDB00AFCB5B /* Date+Ext.swift in Sources */ = {isa = PBXBuildFile; fileRef = 3750781C25D8BDDB00AFCB5B /* Date+Ext.swift */; };
		3750782025D8BDF700AFCB5B /* String+Ext.swift in Sources */ = {isa = PBXBuildFile; fileRef = 3750781F25D8BDF700AFCB5B /* String+Ext.swift */; };
		376D744125D6D86800449700 /* AppDelegate.swift in Sources */ = {isa = PBXBuildFile; fileRef = 376D744025D6D86800449700 /* AppDelegate.swift */; };
		376D744325D6D86800449700 /* SceneDelegate.swift in Sources */ = {isa = PBXBuildFile; fileRef = 376D744225D6D86800449700 /* SceneDelegate.swift */; };
		376D744A25D6D86900449700 /* Assets.xcassets in Resources */ = {isa = PBXBuildFile; fileRef = 376D744925D6D86900449700 /* Assets.xcassets */; };
		376D744D25D6D86900449700 /* LaunchScreen.storyboard in Resources */ = {isa = PBXBuildFile; fileRef = 376D744B25D6D86900449700 /* LaunchScreen.storyboard */; };
		376D745A25D6D96300449700 /* SearchVC.swift in Sources */ = {isa = PBXBuildFile; fileRef = 376D745925D6D96300449700 /* SearchVC.swift */; };
		376D745D25D6D96D00449700 /* FavoritesListVC.swift in Sources */ = {isa = PBXBuildFile; fileRef = 376D745C25D6D96D00449700 /* FavoritesListVC.swift */; };
		376D746125D6DCBB00449700 /* GFButton.swift in Sources */ = {isa = PBXBuildFile; fileRef = 376D746025D6DCBB00449700 /* GFButton.swift */; };
		376D746525D6DDD800449700 /* GFTextField.swift in Sources */ = {isa = PBXBuildFile; fileRef = 376D746425D6DDD800449700 /* GFTextField.swift */; };
		376D746825D6E1C900449700 /* FollowersListVC.swift in Sources */ = {isa = PBXBuildFile; fileRef = 376D746725D6E1C900449700 /* FollowersListVC.swift */; };
		376D746C25D6E7A800449700 /* GFTitleLabel.swift in Sources */ = {isa = PBXBuildFile; fileRef = 376D746B25D6E7A800449700 /* GFTitleLabel.swift */; };
		376D746F25D6E86A00449700 /* GFBodyLabel.swift in Sources */ = {isa = PBXBuildFile; fileRef = 376D746E25D6E86A00449700 /* GFBodyLabel.swift */; };
		376D747225D6EA3700449700 /* GFAlertVC.swift in Sources */ = {isa = PBXBuildFile; fileRef = 376D747125D6EA3700449700 /* GFAlertVC.swift */; };
		376D747525D6F29B00449700 /* UIViewController+Ext.swift in Sources */ = {isa = PBXBuildFile; fileRef = 376D747425D6F29B00449700 /* UIViewController+Ext.swift */; };
		376D747D25D70BD500449700 /* Follower.swift in Sources */ = {isa = PBXBuildFile; fileRef = 376D747C25D70BD500449700 /* Follower.swift */; };
		376D748125D70C6800449700 /* User.swift in Sources */ = {isa = PBXBuildFile; fileRef = 376D748025D70C6800449700 /* User.swift */; };
		376D748D25D7113A00449700 /* NetworkManager.swift in Sources */ = {isa = PBXBuildFile; fileRef = 376D748C25D7113A00449700 /* NetworkManager.swift */; };
		376D749125D71B6E00449700 /* ErrorMessage.swift in Sources */ = {isa = PBXBuildFile; fileRef = 376D749025D71B6E00449700 /* ErrorMessage.swift */; };
		376D749625D7375E00449700 /* FollowerCell.swift in Sources */ = {isa = PBXBuildFile; fileRef = 376D749525D7375E00449700 /* FollowerCell.swift */; };
		376D749925D737E000449700 /* GFAvatarImageView.swift in Sources */ = {isa = PBXBuildFile; fileRef = 376D749825D737E000449700 /* GFAvatarImageView.swift */; };
/* End PBXBuildFile section */

/* Begin PBXFileReference section */
		3736FFE625D76B9300CD56A1 /* UIHelper.swift */ = {isa = PBXFileReference; lastKnownFileType = sourcecode.swift; path = UIHelper.swift; sourceTree = "<group>"; };
		375077FA25D82DD100AFCB5B /* GFEmptyStateView.swift */ = {isa = PBXFileReference; lastKnownFileType = sourcecode.swift; path = GFEmptyStateView.swift; sourceTree = "<group>"; };
		375077FE25D85C3600AFCB5B /* UserInfoVC.swift */ = {isa = PBXFileReference; lastKnownFileType = sourcecode.swift; path = UserInfoVC.swift; sourceTree = "<group>"; };
		3750780125D8685F00AFCB5B /* GFUserInfoHeaderVC.swift */ = {isa = PBXFileReference; lastKnownFileType = sourcecode.swift; path = GFUserInfoHeaderVC.swift; sourceTree = "<group>"; };
		3750780425D868DE00AFCB5B /* GFSecondaryTitleLabel.swift */ = {isa = PBXFileReference; lastKnownFileType = sourcecode.swift; path = GFSecondaryTitleLabel.swift; sourceTree = "<group>"; };
		3750780725D8831500AFCB5B /* Constants.swift */ = {isa = PBXFileReference; lastKnownFileType = sourcecode.swift; path = Constants.swift; sourceTree = "<group>"; };
		3750780A25D8AF3C00AFCB5B /* GFItemInfoView.swift */ = {isa = PBXFileReference; lastKnownFileType = sourcecode.swift; path = GFItemInfoView.swift; sourceTree = "<group>"; };
		3750780D25D8B39700AFCB5B /* GFItemInfoVC.swift */ = {isa = PBXFileReference; lastKnownFileType = sourcecode.swift; path = GFItemInfoVC.swift; sourceTree = "<group>"; };
		3750781025D8B67900AFCB5B /* GFRepoItemVC.swift */ = {isa = PBXFileReference; lastKnownFileType = sourcecode.swift; path = GFRepoItemVC.swift; sourceTree = "<group>"; };
		3750781725D8B86100AFCB5B /* GFFollowerItemVC.swift */ = {isa = PBXFileReference; lastKnownFileType = sourcecode.swift; path = GFFollowerItemVC.swift; sourceTree = "<group>"; };
		3750781C25D8BDDB00AFCB5B /* Date+Ext.swift */ = {isa = PBXFileReference; lastKnownFileType = sourcecode.swift; path = "Date+Ext.swift"; sourceTree = "<group>"; };
		3750781F25D8BDF700AFCB5B /* String+Ext.swift */ = {isa = PBXFileReference; lastKnownFileType = sourcecode.swift; path = "String+Ext.swift"; sourceTree = "<group>"; };
		376D743D25D6D86800449700 /* GithubFollowers.app */ = {isa = PBXFileReference; explicitFileType = wrapper.application; includeInIndex = 0; path = GithubFollowers.app; sourceTree = BUILT_PRODUCTS_DIR; };
		376D744025D6D86800449700 /* AppDelegate.swift */ = {isa = PBXFileReference; lastKnownFileType = sourcecode.swift; path = AppDelegate.swift; sourceTree = "<group>"; };
		376D744225D6D86800449700 /* SceneDelegate.swift */ = {isa = PBXFileReference; lastKnownFileType = sourcecode.swift; path = SceneDelegate.swift; sourceTree = "<group>"; };
		376D744925D6D86900449700 /* Assets.xcassets */ = {isa = PBXFileReference; lastKnownFileType = folder.assetcatalog; path = Assets.xcassets; sourceTree = "<group>"; };
		376D744C25D6D86900449700 /* Base */ = {isa = PBXFileReference; lastKnownFileType = file.storyboard; name = Base; path = Base.lproj/LaunchScreen.storyboard; sourceTree = "<group>"; };
		376D744E25D6D86900449700 /* Info.plist */ = {isa = PBXFileReference; lastKnownFileType = text.plist.xml; path = Info.plist; sourceTree = "<group>"; };
		376D745925D6D96300449700 /* SearchVC.swift */ = {isa = PBXFileReference; lastKnownFileType = sourcecode.swift; path = SearchVC.swift; sourceTree = "<group>"; };
		376D745C25D6D96D00449700 /* FavoritesListVC.swift */ = {isa = PBXFileReference; lastKnownFileType = sourcecode.swift; path = FavoritesListVC.swift; sourceTree = "<group>"; };
		376D746025D6DCBB00449700 /* GFButton.swift */ = {isa = PBXFileReference; lastKnownFileType = sourcecode.swift; path = GFButton.swift; sourceTree = "<group>"; };
		376D746425D6DDD800449700 /* GFTextField.swift */ = {isa = PBXFileReference; lastKnownFileType = sourcecode.swift; path = GFTextField.swift; sourceTree = "<group>"; };
		376D746725D6E1C900449700 /* FollowersListVC.swift */ = {isa = PBXFileReference; lastKnownFileType = sourcecode.swift; path = FollowersListVC.swift; sourceTree = "<group>"; };
		376D746B25D6E7A800449700 /* GFTitleLabel.swift */ = {isa = PBXFileReference; lastKnownFileType = sourcecode.swift; path = GFTitleLabel.swift; sourceTree = "<group>"; };
		376D746E25D6E86A00449700 /* GFBodyLabel.swift */ = {isa = PBXFileReference; lastKnownFileType = sourcecode.swift; path = GFBodyLabel.swift; sourceTree = "<group>"; };
		376D747125D6EA3700449700 /* GFAlertVC.swift */ = {isa = PBXFileReference; lastKnownFileType = sourcecode.swift; path = GFAlertVC.swift; sourceTree = "<group>"; };
		376D747425D6F29B00449700 /* UIViewController+Ext.swift */ = {isa = PBXFileReference; lastKnownFileType = sourcecode.swift; path = "UIViewController+Ext.swift"; sourceTree = "<group>"; };
		376D747C25D70BD500449700 /* Follower.swift */ = {isa = PBXFileReference; lastKnownFileType = sourcecode.swift; path = Follower.swift; sourceTree = "<group>"; };
		376D748025D70C6800449700 /* User.swift */ = {isa = PBXFileReference; lastKnownFileType = sourcecode.swift; path = User.swift; sourceTree = "<group>"; };
		376D748C25D7113A00449700 /* NetworkManager.swift */ = {isa = PBXFileReference; lastKnownFileType = sourcecode.swift; path = NetworkManager.swift; sourceTree = "<group>"; };
		376D749025D71B6E00449700 /* ErrorMessage.swift */ = {isa = PBXFileReference; lastKnownFileType = sourcecode.swift; path = ErrorMessage.swift; sourceTree = "<group>"; };
		376D749525D7375E00449700 /* FollowerCell.swift */ = {isa = PBXFileReference; lastKnownFileType = sourcecode.swift; path = FollowerCell.swift; sourceTree = "<group>"; };
		376D749825D737E000449700 /* GFAvatarImageView.swift */ = {isa = PBXFileReference; lastKnownFileType = sourcecode.swift; path = GFAvatarImageView.swift; sourceTree = "<group>"; };
/* End PBXFileReference section */

/* Begin PBXFrameworksBuildPhase section */
		376D743A25D6D86800449700 /* Frameworks */ = {
			isa = PBXFrameworksBuildPhase;
			buildActionMask = 2147483647;
			files = (
			);
			runOnlyForDeploymentPostprocessing = 0;
		};
/* End PBXFrameworksBuildPhase section */

/* Begin PBXGroup section */
		375077F325D82D7200AFCB5B /* Views */ = {
			isa = PBXGroup;
			children = (
				375077FA25D82DD100AFCB5B /* GFEmptyStateView.swift */,
				3750780A25D8AF3C00AFCB5B /* GFItemInfoView.swift */,
			);
			path = Views;
			sourceTree = "<group>";
		};
		375077F425D82D7F00AFCB5B /* Buttons */ = {
			isa = PBXGroup;
			children = (
				376D746025D6DCBB00449700 /* GFButton.swift */,
			);
			path = Buttons;
			sourceTree = "<group>";
		};
		375077F525D82D8700AFCB5B /* TextFields */ = {
			isa = PBXGroup;
			children = (
				376D746425D6DDD800449700 /* GFTextField.swift */,
			);
			path = TextFields;
			sourceTree = "<group>";
		};
		375077F625D82D9000AFCB5B /* ImageViews */ = {
			isa = PBXGroup;
			children = (
				376D749825D737E000449700 /* GFAvatarImageView.swift */,
			);
			path = ImageViews;
			sourceTree = "<group>";
		};
		375077F725D82D9500AFCB5B /* ViewControllers */ = {
			isa = PBXGroup;
			children = (
				3750781A25D8B88D00AFCB5B /* ItemInfoVCs */,
				376D747125D6EA3700449700 /* GFAlertVC.swift */,
				3750780125D8685F00AFCB5B /* GFUserInfoHeaderVC.swift */,
			);
			path = ViewControllers;
			sourceTree = "<group>";
		};
		375077F825D82DAC00AFCB5B /* Labels */ = {
			isa = PBXGroup;
			children = (
				376D746B25D6E7A800449700 /* GFTitleLabel.swift */,
				376D746E25D6E86A00449700 /* GFBodyLabel.swift */,
				3750780425D868DE00AFCB5B /* GFSecondaryTitleLabel.swift */,
			);
			path = Labels;
			sourceTree = "<group>";
		};
		3750781A25D8B88D00AFCB5B /* ItemInfoVCs */ = {
			isa = PBXGroup;
			children = (
				3750780D25D8B39700AFCB5B /* GFItemInfoVC.swift */,
				3750781025D8B67900AFCB5B /* GFRepoItemVC.swift */,
				3750781725D8B86100AFCB5B /* GFFollowerItemVC.swift */,
			);
			path = ItemInfoVCs;
			sourceTree = "<group>";
		};
		376D743425D6D86800449700 = {
			isa = PBXGroup;
			children = (
				376D743F25D6D86800449700 /* GithubFollowers */,
				376D743E25D6D86800449700 /* Products */,
			);
			sourceTree = "<group>";
		};
		376D743E25D6D86800449700 /* Products */ = {
			isa = PBXGroup;
			children = (
				376D743D25D6D86800449700 /* GithubFollowers.app */,
			);
			name = Products;
			sourceTree = "<group>";
		};
		376D743F25D6D86800449700 /* GithubFollowers */ = {
			isa = PBXGroup;
			children = (
				376D748F25D71B5700449700 /* Utils */,
				376D744E25D6D86900449700 /* Info.plist */,
				376D747825D6F60B00449700 /* Custom Views */,
				376D747925D6F65F00449700 /* Extensions */,
				376D748A25D7112900449700 /* Managers */,
				376D747B25D70BC600449700 /* Models */,
				376D747725D6F5CE00449700 /* Screens */,
				376D747A25D6F6A900449700 /* Support */,
			);
			path = GithubFollowers;
			sourceTree = "<group>";
		};
		376D747725D6F5CE00449700 /* Screens */ = {
			isa = PBXGroup;
			children = (
				376D745C25D6D96D00449700 /* FavoritesListVC.swift */,
				376D746725D6E1C900449700 /* FollowersListVC.swift */,
				376D745925D6D96300449700 /* SearchVC.swift */,
				375077FE25D85C3600AFCB5B /* UserInfoVC.swift */,
			);
			path = Screens;
			sourceTree = "<group>";
		};
		376D747825D6F60B00449700 /* Custom Views */ = {
			isa = PBXGroup;
			children = (
				375077F825D82DAC00AFCB5B /* Labels */,
				375077F725D82D9500AFCB5B /* ViewControllers */,
				375077F625D82D9000AFCB5B /* ImageViews */,
				375077F525D82D8700AFCB5B /* TextFields */,
				375077F425D82D7F00AFCB5B /* Buttons */,
				375077F325D82D7200AFCB5B /* Views */,
				376D749425D7373D00449700 /* Cells */,
			);
			path = "Custom Views";
			sourceTree = "<group>";
		};
		376D747925D6F65F00449700 /* Extensions */ = {
			isa = PBXGroup;
			children = (
				376D747425D6F29B00449700 /* UIViewController+Ext.swift */,
				3750781C25D8BDDB00AFCB5B /* Date+Ext.swift */,
				3750781F25D8BDF700AFCB5B /* String+Ext.swift */,
			);
			path = Extensions;
			sourceTree = "<group>";
		};
		376D747A25D6F6A900449700 /* Support */ = {
			isa = PBXGroup;
			children = (
				376D744025D6D86800449700 /* AppDelegate.swift */,
				376D744225D6D86800449700 /* SceneDelegate.swift */,
				376D744925D6D86900449700 /* Assets.xcassets */,
				376D744B25D6D86900449700 /* LaunchScreen.storyboard */,
			);
			path = Support;
			sourceTree = "<group>";
		};
		376D747B25D70BC600449700 /* Models */ = {
			isa = PBXGroup;
			children = (
				376D747C25D70BD500449700 /* Follower.swift */,
				376D748025D70C6800449700 /* User.swift */,
			);
			path = Models;
			sourceTree = "<group>";
		};
		376D748A25D7112900449700 /* Managers */ = {
			isa = PBXGroup;
			children = (
				376D748C25D7113A00449700 /* NetworkManager.swift */,
			);
			path = Managers;
			sourceTree = "<group>";
		};
		376D748F25D71B5700449700 /* Utils */ = {
			isa = PBXGroup;
			children = (
				376D749025D71B6E00449700 /* ErrorMessage.swift */,
				3736FFE625D76B9300CD56A1 /* UIHelper.swift */,
				3750780725D8831500AFCB5B /* Constants.swift */,
			);
			path = Utils;
			sourceTree = "<group>";
		};
		376D749425D7373D00449700 /* Cells */ = {
			isa = PBXGroup;
			children = (
				376D749525D7375E00449700 /* FollowerCell.swift */,
			);
			path = Cells;
			sourceTree = "<group>";
		};
/* End PBXGroup section */

/* Begin PBXNativeTarget section */
		376D743C25D6D86800449700 /* GithubFollowers */ = {
			isa = PBXNativeTarget;
			buildConfigurationList = 376D745125D6D86900449700 /* Build configuration list for PBXNativeTarget "GithubFollowers" */;
			buildPhases = (
				376D743925D6D86800449700 /* Sources */,
				376D743A25D6D86800449700 /* Frameworks */,
				376D743B25D6D86800449700 /* Resources */,
			);
			buildRules = (
			);
			dependencies = (
			);
			name = GithubFollowers;
			productName = GithubFollowers;
			productReference = 376D743D25D6D86800449700 /* GithubFollowers.app */;
			productType = "com.apple.product-type.application";
		};
/* End PBXNativeTarget section */

/* Begin PBXProject section */
		376D743525D6D86800449700 /* Project object */ = {
			isa = PBXProject;
			attributes = {
				LastSwiftUpdateCheck = 1240;
				LastUpgradeCheck = 1240;
				TargetAttributes = {
					376D743C25D6D86800449700 = {
						CreatedOnToolsVersion = 12.4;
					};
				};
			};
			buildConfigurationList = 376D743825D6D86800449700 /* Build configuration list for PBXProject "GithubFollowers" */;
			compatibilityVersion = "Xcode 9.3";
			developmentRegion = en;
			hasScannedForEncodings = 0;
			knownRegions = (
				en,
				Base,
			);
			mainGroup = 376D743425D6D86800449700;
			productRefGroup = 376D743E25D6D86800449700 /* Products */;
			projectDirPath = "";
			projectRoot = "";
			targets = (
				376D743C25D6D86800449700 /* GithubFollowers */,
			);
		};
/* End PBXProject section */

/* Begin PBXResourcesBuildPhase section */
		376D743B25D6D86800449700 /* Resources */ = {
			isa = PBXResourcesBuildPhase;
			buildActionMask = 2147483647;
			files = (
				376D744D25D6D86900449700 /* LaunchScreen.storyboard in Resources */,
				376D744A25D6D86900449700 /* Assets.xcassets in Resources */,
			);
			runOnlyForDeploymentPostprocessing = 0;
		};
/* End PBXResourcesBuildPhase section */

/* Begin PBXSourcesBuildPhase section */
		376D743925D6D86800449700 /* Sources */ = {
			isa = PBXSourcesBuildPhase;
			buildActionMask = 2147483647;
			files = (
				375077FB25D82DD100AFCB5B /* GFEmptyStateView.swift in Sources */,
				376D748125D70C6800449700 /* User.swift in Sources */,
				376D746525D6DDD800449700 /* GFTextField.swift in Sources */,
				3750782025D8BDF700AFCB5B /* String+Ext.swift in Sources */,
				376D746825D6E1C900449700 /* FollowersListVC.swift in Sources */,
				376D745D25D6D96D00449700 /* FavoritesListVC.swift in Sources */,
				376D747525D6F29B00449700 /* UIViewController+Ext.swift in Sources */,
				3750780E25D8B39700AFCB5B /* GFItemInfoVC.swift in Sources */,
				3750780825D8831500AFCB5B /* Constants.swift in Sources */,
				3736FFE725D76B9300CD56A1 /* UIHelper.swift in Sources */,
				376D749925D737E000449700 /* GFAvatarImageView.swift in Sources */,
				376D746125D6DCBB00449700 /* GFButton.swift in Sources */,
				3750781825D8B86100AFCB5B /* GFFollowerItemVC.swift in Sources */,
				3750780B25D8AF3C00AFCB5B /* GFItemInfoView.swift in Sources */,
				376D747225D6EA3700449700 /* GFAlertVC.swift in Sources */,
				376D749625D7375E00449700 /* FollowerCell.swift in Sources */,
				3750780225D8685F00AFCB5B /* GFUserInfoHeaderVC.swift in Sources */,
				376D749125D71B6E00449700 /* ErrorMessage.swift in Sources */,
				376D746F25D6E86A00449700 /* GFBodyLabel.swift in Sources */,
				376D747D25D70BD500449700 /* Follower.swift in Sources */,
				3750781D25D8BDDB00AFCB5B /* Date+Ext.swift in Sources */,
				3750780525D868DE00AFCB5B /* GFSecondaryTitleLabel.swift in Sources */,
				376D746C25D6E7A800449700 /* GFTitleLabel.swift in Sources */,
				376D748D25D7113A00449700 /* NetworkManager.swift in Sources */,
				376D745A25D6D96300449700 /* SearchVC.swift in Sources */,
				376D744125D6D86800449700 /* AppDelegate.swift in Sources */,
				376D744325D6D86800449700 /* SceneDelegate.swift in Sources */,
				3750781125D8B67900AFCB5B /* GFRepoItemVC.swift in Sources */,
				375077FF25D85C3600AFCB5B /* UserInfoVC.swift in Sources */,
			);
			runOnlyForDeploymentPostprocessing = 0;
		};
/* End PBXSourcesBuildPhase section */

/* Begin PBXVariantGroup section */
		376D744B25D6D86900449700 /* LaunchScreen.storyboard */ = {
			isa = PBXVariantGroup;
			children = (
				376D744C25D6D86900449700 /* Base */,
			);
			name = LaunchScreen.storyboard;
			sourceTree = "<group>";
		};
/* End PBXVariantGroup section */

/* Begin XCBuildConfiguration section */
		376D744F25D6D86900449700 /* Debug */ = {
			isa = XCBuildConfiguration;
			buildSettings = {
				ALWAYS_SEARCH_USER_PATHS = NO;
				CLANG_ANALYZER_NONNULL = YES;
				CLANG_ANALYZER_NUMBER_OBJECT_CONVERSION = YES_AGGRESSIVE;
				CLANG_CXX_LANGUAGE_STANDARD = "gnu++14";
				CLANG_CXX_LIBRARY = "libc++";
				CLANG_ENABLE_MODULES = YES;
				CLANG_ENABLE_OBJC_ARC = YES;
				CLANG_ENABLE_OBJC_WEAK = YES;
				CLANG_WARN_BLOCK_CAPTURE_AUTORELEASING = YES;
				CLANG_WARN_BOOL_CONVERSION = YES;
				CLANG_WARN_COMMA = YES;
				CLANG_WARN_CONSTANT_CONVERSION = YES;
				CLANG_WARN_DEPRECATED_OBJC_IMPLEMENTATIONS = YES;
				CLANG_WARN_DIRECT_OBJC_ISA_USAGE = YES_ERROR;
				CLANG_WARN_DOCUMENTATION_COMMENTS = YES;
				CLANG_WARN_EMPTY_BODY = YES;
				CLANG_WARN_ENUM_CONVERSION = YES;
				CLANG_WARN_INFINITE_RECURSION = YES;
				CLANG_WARN_INT_CONVERSION = YES;
				CLANG_WARN_NON_LITERAL_NULL_CONVERSION = YES;
				CLANG_WARN_OBJC_IMPLICIT_RETAIN_SELF = YES;
				CLANG_WARN_OBJC_LITERAL_CONVERSION = YES;
				CLANG_WARN_OBJC_ROOT_CLASS = YES_ERROR;
				CLANG_WARN_QUOTED_INCLUDE_IN_FRAMEWORK_HEADER = YES;
				CLANG_WARN_RANGE_LOOP_ANALYSIS = YES;
				CLANG_WARN_STRICT_PROTOTYPES = YES;
				CLANG_WARN_SUSPICIOUS_MOVE = YES;
				CLANG_WARN_UNGUARDED_AVAILABILITY = YES_AGGRESSIVE;
				CLANG_WARN_UNREACHABLE_CODE = YES;
				CLANG_WARN__DUPLICATE_METHOD_MATCH = YES;
				COPY_PHASE_STRIP = NO;
				DEBUG_INFORMATION_FORMAT = dwarf;
				ENABLE_STRICT_OBJC_MSGSEND = YES;
				ENABLE_TESTABILITY = YES;
				GCC_C_LANGUAGE_STANDARD = gnu11;
				GCC_DYNAMIC_NO_PIC = NO;
				GCC_NO_COMMON_BLOCKS = YES;
				GCC_OPTIMIZATION_LEVEL = 0;
				GCC_PREPROCESSOR_DEFINITIONS = (
					"DEBUG=1",
					"$(inherited)",
				);
				GCC_WARN_64_TO_32_BIT_CONVERSION = YES;
				GCC_WARN_ABOUT_RETURN_TYPE = YES_ERROR;
				GCC_WARN_UNDECLARED_SELECTOR = YES;
				GCC_WARN_UNINITIALIZED_AUTOS = YES_AGGRESSIVE;
				GCC_WARN_UNUSED_FUNCTION = YES;
				GCC_WARN_UNUSED_VARIABLE = YES;
				IPHONEOS_DEPLOYMENT_TARGET = 14.4;
				MTL_ENABLE_DEBUG_INFO = INCLUDE_SOURCE;
				MTL_FAST_MATH = YES;
				ONLY_ACTIVE_ARCH = YES;
				SDKROOT = iphoneos;
				SWIFT_ACTIVE_COMPILATION_CONDITIONS = DEBUG;
				SWIFT_OPTIMIZATION_LEVEL = "-Onone";
			};
			name = Debug;
		};
		376D745025D6D86900449700 /* Release */ = {
			isa = XCBuildConfiguration;
			buildSettings = {
				ALWAYS_SEARCH_USER_PATHS = NO;
				CLANG_ANALYZER_NONNULL = YES;
				CLANG_ANALYZER_NUMBER_OBJECT_CONVERSION = YES_AGGRESSIVE;
				CLANG_CXX_LANGUAGE_STANDARD = "gnu++14";
				CLANG_CXX_LIBRARY = "libc++";
				CLANG_ENABLE_MODULES = YES;
				CLANG_ENABLE_OBJC_ARC = YES;
				CLANG_ENABLE_OBJC_WEAK = YES;
				CLANG_WARN_BLOCK_CAPTURE_AUTORELEASING = YES;
				CLANG_WARN_BOOL_CONVERSION = YES;
				CLANG_WARN_COMMA = YES;
				CLANG_WARN_CONSTANT_CONVERSION = YES;
				CLANG_WARN_DEPRECATED_OBJC_IMPLEMENTATIONS = YES;
				CLANG_WARN_DIRECT_OBJC_ISA_USAGE = YES_ERROR;
				CLANG_WARN_DOCUMENTATION_COMMENTS = YES;
				CLANG_WARN_EMPTY_BODY = YES;
				CLANG_WARN_ENUM_CONVERSION = YES;
				CLANG_WARN_INFINITE_RECURSION = YES;
				CLANG_WARN_INT_CONVERSION = YES;
				CLANG_WARN_NON_LITERAL_NULL_CONVERSION = YES;
				CLANG_WARN_OBJC_IMPLICIT_RETAIN_SELF = YES;
				CLANG_WARN_OBJC_LITERAL_CONVERSION = YES;
				CLANG_WARN_OBJC_ROOT_CLASS = YES_ERROR;
				CLANG_WARN_QUOTED_INCLUDE_IN_FRAMEWORK_HEADER = YES;
				CLANG_WARN_RANGE_LOOP_ANALYSIS = YES;
				CLANG_WARN_STRICT_PROTOTYPES = YES;
				CLANG_WARN_SUSPICIOUS_MOVE = YES;
				CLANG_WARN_UNGUARDED_AVAILABILITY = YES_AGGRESSIVE;
				CLANG_WARN_UNREACHABLE_CODE = YES;
				CLANG_WARN__DUPLICATE_METHOD_MATCH = YES;
				COPY_PHASE_STRIP = NO;
				DEBUG_INFORMATION_FORMAT = "dwarf-with-dsym";
				ENABLE_NS_ASSERTIONS = NO;
				ENABLE_STRICT_OBJC_MSGSEND = YES;
				GCC_C_LANGUAGE_STANDARD = gnu11;
				GCC_NO_COMMON_BLOCKS = YES;
				GCC_WARN_64_TO_32_BIT_CONVERSION = YES;
				GCC_WARN_ABOUT_RETURN_TYPE = YES_ERROR;
				GCC_WARN_UNDECLARED_SELECTOR = YES;
				GCC_WARN_UNINITIALIZED_AUTOS = YES_AGGRESSIVE;
				GCC_WARN_UNUSED_FUNCTION = YES;
				GCC_WARN_UNUSED_VARIABLE = YES;
				IPHONEOS_DEPLOYMENT_TARGET = 14.4;
				MTL_ENABLE_DEBUG_INFO = NO;
				MTL_FAST_MATH = YES;
				SDKROOT = iphoneos;
				SWIFT_COMPILATION_MODE = wholemodule;
				SWIFT_OPTIMIZATION_LEVEL = "-O";
				VALIDATE_PRODUCT = YES;
			};
			name = Release;
		};
		376D745225D6D86900449700 /* Debug */ = {
			isa = XCBuildConfiguration;
			buildSettings = {
				ASSETCATALOG_COMPILER_APPICON_NAME = AppIcon;
				ASSETCATALOG_COMPILER_GLOBAL_ACCENT_COLOR_NAME = AccentColor;
				CODE_SIGN_STYLE = Automatic;
				DEVELOPMENT_TEAM = B8L6UCU5FH;
				INFOPLIST_FILE = GithubFollowers/Info.plist;
				LD_RUNPATH_SEARCH_PATHS = (
					"$(inherited)",
					"@executable_path/Frameworks",
				);
				PRODUCT_BUNDLE_IDENTIFIER = com.calvintang.GithubFollowers;
				PRODUCT_NAME = "$(TARGET_NAME)";
				SWIFT_VERSION = 5.0;
				TARGETED_DEVICE_FAMILY = 1;
			};
			name = Debug;
		};
		376D745325D6D86900449700 /* Release */ = {
			isa = XCBuildConfiguration;
			buildSettings = {
				ASSETCATALOG_COMPILER_APPICON_NAME = AppIcon;
				ASSETCATALOG_COMPILER_GLOBAL_ACCENT_COLOR_NAME = AccentColor;
				CODE_SIGN_STYLE = Automatic;
				DEVELOPMENT_TEAM = B8L6UCU5FH;
				INFOPLIST_FILE = GithubFollowers/Info.plist;
				LD_RUNPATH_SEARCH_PATHS = (
					"$(inherited)",
					"@executable_path/Frameworks",
				);
				PRODUCT_BUNDLE_IDENTIFIER = com.calvintang.GithubFollowers;
				PRODUCT_NAME = "$(TARGET_NAME)";
				SWIFT_VERSION = 5.0;
				TARGETED_DEVICE_FAMILY = 1;
			};
			name = Release;
		};
/* End XCBuildConfiguration section */

/* Begin XCConfigurationList section */
		376D743825D6D86800449700 /* Build configuration list for PBXProject "GithubFollowers" */ = {
			isa = XCConfigurationList;
			buildConfigurations = (
				376D744F25D6D86900449700 /* Debug */,
				376D745025D6D86900449700 /* Release */,
			);
			defaultConfigurationIsVisible = 0;
			defaultConfigurationName = Release;
		};
		376D745125D6D86900449700 /* Build configuration list for PBXNativeTarget "GithubFollowers" */ = {
			isa = XCConfigurationList;
			buildConfigurations = (
				376D745225D6D86900449700 /* Debug */,
				376D745325D6D86900449700 /* Release */,
			);
			defaultConfigurationIsVisible = 0;
			defaultConfigurationName = Release;
		};
/* End XCConfigurationList section */
	};
	rootObject = 376D743525D6D86800449700 /* Project object */;
}
